
Microsoft Visual Studio Solution File, Format Version 12.00
# Visual Studio Version 17
VisualStudioVersion = 17.0.31903.59
MinimumVisualStudioVersion = 10.0.40219.1
Project("{FAE04EC0-301F-11D3-BF4B-00C04F79EFBC}") = "Discoteque.API", "Discoteque.API\Discoteque.API.csproj", "{A3837E36-B6CC-4C2A-892E-338024C0A4B7}"
EndProject
Project("{FAE04EC0-301F-11D3-BF4B-00C04F79EFBC}") = "Discoteque.Business", "Discoteque.Business\Discoteque.Business.csproj", "{2404DB44-0F09-4439-96EC-334E2D674368}"
EndProject
Project("{FAE04EC0-301F-11D3-BF4B-00C04F79EFBC}") = "Discoteque.Data", "Discoteque.Data\Discoteque.Data.csproj", "{748B764C-3B6C-4D7D-81C1-28AB2E56F70C}"
EndProject
Global
	GlobalSection(SolutionConfigurationPlatforms) = preSolution
		Debug|Any CPU = Debug|Any CPU
		Release|Any CPU = Release|Any CPU
	EndGlobalSection
	GlobalSection(SolutionProperties) = preSolution
		HideSolutionNode = FALSE
	EndGlobalSection
	GlobalSection(ProjectConfigurationPlatforms) = postSolution
		{A3837E36-B6CC-4C2A-892E-338024C0A4B7}.Debug|Any CPU.ActiveCfg = Debug|Any CPU
		{A3837E36-B6CC-4C2A-892E-338024C0A4B7}.Debug|Any CPU.Build.0 = Debug|Any CPU
		{A3837E36-B6CC-4C2A-892E-338024C0A4B7}.Release|Any CPU.ActiveCfg = Release|Any CPU
		{A3837E36-B6CC-4C2A-892E-338024C0A4B7}.Release|Any CPU.Build.0 = Release|Any CPU
		{2404DB44-0F09-4439-96EC-334E2D674368}.Debug|Any CPU.ActiveCfg = Debug|Any CPU
		{2404DB44-0F09-4439-96EC-334E2D674368}.Debug|Any CPU.Build.0 = Debug|Any CPU
		{2404DB44-0F09-4439-96EC-334E2D674368}.Release|Any CPU.ActiveCfg = Release|Any CPU
		{2404DB44-0F09-4439-96EC-334E2D674368}.Release|Any CPU.Build.0 = Release|Any CPU
		{748B764C-3B6C-4D7D-81C1-28AB2E56F70C}.Debug|Any CPU.ActiveCfg = Debug|Any CPU
		{748B764C-3B6C-4D7D-81C1-28AB2E56F70C}.Debug|Any CPU.Build.0 = Debug|Any CPU
		{748B764C-3B6C-4D7D-81C1-28AB2E56F70C}.Release|Any CPU.ActiveCfg = Release|Any CPU
		{748B764C-3B6C-4D7D-81C1-28AB2E56F70C}.Release|Any CPU.Build.0 = Release|Any CPU
	EndGlobalSection
EndGlobal
